
Microsoft Visual Studio Solution File, Format Version 12.00
# Visual Studio Version 17
VisualStudioVersion = 17.2.32519.379
MinimumVisualStudioVersion = 10.0.40219.1
Project("{FAE04EC0-301F-11D3-BF4B-00C04F79EFBC}") = "Procesamiento de imágenes", "Procesamiento de imágenes.csproj", "{3A9492C8-5C97-46A0-B5CA-09496E1D44A6}"
EndProject
Global
	GlobalSection(SolutionConfigurationPlatforms) = preSolution
		Debug|Any CPU = Debug|Any CPU
		Release|Any CPU = Release|Any CPU
	EndGlobalSection
	GlobalSection(ProjectConfigurationPlatforms) = postSolution
		{3A9492C8-5C97-46A0-B5CA-09496E1D44A6}.Debug|Any CPU.ActiveCfg = Debug|Any CPU
		{3A9492C8-5C97-46A0-B5CA-09496E1D44A6}.Debug|Any CPU.Build.0 = Debug|Any CPU
		{3A9492C8-5C97-46A0-B5CA-09496E1D44A6}.Release|Any CPU.ActiveCfg = Release|Any CPU
		{3A9492C8-5C97-46A0-B5CA-09496E1D44A6}.Release|Any CPU.Build.0 = Release|Any CPU
	EndGlobalSection
	GlobalSection(SolutionProperties) = preSolution
		HideSolutionNode = FALSE
	EndGlobalSection
	GlobalSection(ExtensibilityGlobals) = postSolution
		SolutionGuid = {7CEAB35E-C31B-4B2C-B9A6-D1582DC5FFF8}
	EndGlobalSection
EndGlobal
